{
  "originHash" : "96cc63fe8013b40a534c47bc7027ad8394df56c6d8c6a996cf35f2e41935a9cd",
  "pins" : [
    {
      "identity" : "asyncextensions",
      "kind" : "remoteSourceControl",
      "location" : "https://github.com/sideeffect-io/AsyncExtensions",
      "state" : {
        "revision" : "c2b32caf189993285b5a782fe7cd658ed1fa9b9a",
        "version" : "0.5.5"
      }
    },
    {
      "identity" : "logger-ios",
      "kind" : "remoteSourceControl",
      "location" : "https://github.com/novasamatech/logger-ios",
      "state" : {
        "revision" : "cafece8626141b4430ddc8d5288d3444abd122de",
        "version" : "0.0.1"
      }
    },
    {
      "identity" : "swift-collections",
      "kind" : "remoteSourceControl",
      "location" : "https://github.com/apple/swift-collections.git",
      "state" : {
        "revision" : "6675bc0ff86e61436e615df6fc5174e043e57924",
        "version" : "1.4.1"
      }
    }
  ],
  "version" : 3
}
