{
  "originHash" : "ffcf477220367c3065fe47b7a79ecdbfc3fe0b2ecfbeaaca2b98e7ea46858110",
  "pins" : [
    {
      "identity" : "foundation-ios",
      "kind" : "remoteSourceControl",
      "location" : "https://github.com/novasamatech/Foundation-iOS",
      "state" : {
        "revision" : "08a65862d8e90daeae1288e34bccc7c6e0a7c93b",
        "version" : "1.4.0"
      }
    },
    {
      "identity" : "keystore-ios",
      "kind" : "remoteSourceControl",
      "location" : "https://github.com/novasamatech/Keystore-iOS",
      "state" : {
        "revision" : "105cfc6984f45a61ba410fbc3751e4952afb51e9",
        "version" : "1.1.0"
      }
    },
    {
      "identity" : "polkadot-app-design-system-ios",
      "kind" : "remoteSourceControl",
      "location" : "https://github.com/paritytech/polkadot-app-design-system-ios",
      "state" : {
        "revision" : "6e5b2da49d753a1b5f137a4c836608f94967eeb0",
        "version" : "0.0.21"
      }
    },
    {
      "identity" : "snapkit",
      "kind" : "remoteSourceControl",
      "location" : "https://github.com/SnapKit/SnapKit",
      "state" : {
        "revision" : "2842e6e84e82eb9a8dac0100ca90d9444b0307f4",
        "version" : "5.7.1"
      }
    },
    {
      "identity" : "uikit-ios",
      "kind" : "remoteSourceControl",
      "location" : "https://github.com/novasamatech/UIKit-iOS",
      "state" : {
        "revision" : "24e6c6c04a044439647f66032493494780621cec",
        "version" : "1.1.4"
      }
    }
  ],
  "version" : 3
}
